
Microsoft Visual Studio Solution File, Format Version 12.00
# Visual Studio 14
VisualStudioVersion = 14.0.24720.0
MinimumVisualStudioVersion = 10.0.40219.1
Project("{FAE04EC0-301F-11D3-BF4B-00C04F79EFBC}") = "LogicAppsMonitoring.WebJob", "LogicAppsMonitoring.WebJob\LogicAppsMonitoring.WebJob.csproj", "{BA48A9BB-164A-4206-86E8-0E0174AD29A5}"
EndProject
Project("{FAE04EC0-301F-11D3-BF4B-00C04F79EFBC}") = "LogicAppsMonitoring.Logic", "LogicAppsMonitoring.Logic\LogicAppsMonitoring.Logic.csproj", "{D1A36169-6A2B-4344-96AB-11491E5C05E8}"
EndProject
Global
	GlobalSection(SolutionConfigurationPlatforms) = preSolution
		Debug|Any CPU = Debug|Any CPU
		Release|Any CPU = Release|Any CPU
	EndGlobalSection
	GlobalSection(ProjectConfigurationPlatforms) = postSolution
		{BA48A9BB-164A-4206-86E8-0E0174AD29A5}.Debug|Any CPU.ActiveCfg = Debug|Any CPU
		{BA48A9BB-164A-4206-86E8-0E0174AD29A5}.Debug|Any CPU.Build.0 = Debug|Any CPU
		{BA48A9BB-164A-4206-86E8-0E0174AD29A5}.Release|Any CPU.ActiveCfg = Release|Any CPU
		{BA48A9BB-164A-4206-86E8-0E0174AD29A5}.Release|Any CPU.Build.0 = Release|Any CPU
		{D1A36169-6A2B-4344-96AB-11491E5C05E8}.Debug|Any CPU.ActiveCfg = Debug|Any CPU
		{D1A36169-6A2B-4344-96AB-11491E5C05E8}.Debug|Any CPU.Build.0 = Debug|Any CPU
		{D1A36169-6A2B-4344-96AB-11491E5C05E8}.Release|Any CPU.ActiveCfg = Release|Any CPU
		{D1A36169-6A2B-4344-96AB-11491E5C05E8}.Release|Any CPU.Build.0 = Release|Any CPU
	EndGlobalSection
	GlobalSection(SolutionProperties) = preSolution
		HideSolutionNode = FALSE
	EndGlobalSection
EndGlobal
